
Microsoft Visual Studio Solution File, Format Version 12.00
# Visual Studio 14
VisualStudioVersion = 14.0.25420.1
MinimumVisualStudioVersion = 10.0.40219.1
Project("{FAE04EC0-301F-11D3-BF4B-00C04F79EFBC}") = "wf-Pakbank", "wf-Pakbank\wf-Pakbank.csproj", "{FA404549-C8AC-4CCF-8CBA-5277A68F9483}"
EndProject
Global
	GlobalSection(SolutionConfigurationPlatforms) = preSolution
		Debug|Any CPU = Debug|Any CPU
		Release|Any CPU = Release|Any CPU
	EndGlobalSection
	GlobalSection(ProjectConfigurationPlatforms) = postSolution
		{FA404549-C8AC-4CCF-8CBA-5277A68F9483}.Debug|Any CPU.ActiveCfg = Debug|Any CPU
		{FA404549-C8AC-4CCF-8CBA-5277A68F9483}.Debug|Any CPU.Build.0 = Debug|Any CPU
		{FA404549-C8AC-4CCF-8CBA-5277A68F9483}.Release|Any CPU.ActiveCfg = Release|Any CPU
		{FA404549-C8AC-4CCF-8CBA-5277A68F9483}.Release|Any CPU.Build.0 = Release|Any CPU
	EndGlobalSection
	GlobalSection(SolutionProperties) = preSolution
		HideSolutionNode = FALSE
	EndGlobalSection
EndGlobal
